
Microsoft Visual Studio Solution File, Format Version 12.00
# Visual Studio Version 16
VisualStudioVersion = 16.0.29503.13
MinimumVisualStudioVersion = 10.0.40219.1
Project("{FAE04EC0-301F-11D3-BF4B-00C04F79EFBC}") = "ThreadApi", "ThreadApi.csproj", "{FC62BB83-46D5-417D-8A2B-80E2B7CAC51A}"
EndProject
Global
	GlobalSection(SolutionConfigurationPlatforms) = preSolution
		Debug|Any CPU = Debug|Any CPU
		Release|Any CPU = Release|Any CPU
	EndGlobalSection
	GlobalSection(ProjectConfigurationPlatforms) = postSolution
		{FC62BB83-46D5-417D-8A2B-80E2B7CAC51A}.Debug|Any CPU.ActiveCfg = Debug|Any CPU
		{FC62BB83-46D5-417D-8A2B-80E2B7CAC51A}.Debug|Any CPU.Build.0 = Debug|Any CPU
		{FC62BB83-46D5-417D-8A2B-80E2B7CAC51A}.Release|Any CPU.ActiveCfg = Release|Any CPU
		{FC62BB83-46D5-417D-8A2B-80E2B7CAC51A}.Release|Any CPU.Build.0 = Release|Any CPU
	EndGlobalSection
	GlobalSection(SolutionProperties) = preSolution
		HideSolutionNode = FALSE
	EndGlobalSection
	GlobalSection(ExtensibilityGlobals) = postSolution
		SolutionGuid = {D3C9F6F3-1E72-40E5-A924-2C8E7B275080}
	EndGlobalSection
EndGlobal
